
Microsoft Visual Studio Solution File, Format Version 12.00
# Visual Studio 15
VisualStudioVersion = 15.0.28010.2046
MinimumVisualStudioVersion = 10.0.40219.1
Project("{9A19103F-16F7-4668-BE54-9A1E7A4F7556}") = "Arcade.SaveScore", "SaveScore\Arcade.SaveScore.csproj", "{67B8FB4F-AD7F-4829-91EA-C9F1381BFA17}"
EndProject
Project("{9A19103F-16F7-4668-BE54-9A1E7A4F7556}") = "Arcade.SaveScore.Tests", "SaveScore.Tests\Arcade.SaveScore.Tests.csproj", "{646042AB-8342-4BB5-AA98-8573147F4AC3}"
EndProject
Project("{9A19103F-16F7-4668-BE54-9A1E7A4F7556}") = "Arcade.Shared", "Shared\Arcade.Shared.csproj", "{C91889FC-2AD8-4707-9ED4-8FBE77F93047}"
EndProject
Project("{9A19103F-16F7-4668-BE54-9A1E7A4F7556}") = "Arcade.Shared.Tests", "Shared.Tests\Arcade.Shared.Tests.csproj", "{E4F1A67E-B6B4-4B00-AB30-58E795BAD0C7}"
EndProject
Project("{22325025-CDA3-4736-83CB-2D32D2FCC215}") = "ArcadeCloudFormation", "ArcadeCloudFormation\ArcadeCloudFormation.cfproj", "{99999999-9999-9999-9999-999999999999}"
EndProject
Project("{9A19103F-16F7-4668-BE54-9A1E7A4F7556}") = "Arcade.SaveRating", "Arcade.SaveRating\Arcade.SaveRating.csproj", "{BA12536B-31D6-42A4-9DBB-319B5E2818A6}"
EndProject
Project("{9A19103F-16F7-4668-BE54-9A1E7A4F7556}") = "Arcade.SaveRating.Tests", "Arcade.SaveRating.Tests\Arcade.SaveRating.Tests.csproj", "{62B954E7-D13E-4609-B9CB-6D5F7C931721}"
EndProject
Project("{9A19103F-16F7-4668-BE54-9A1E7A4F7556}") = "Arcade.GetRating", "Arcade.GetRating\Arcade.GetRating.csproj", "{5231D592-1D28-4279-A19B-38A98B295808}"
EndProject
Project("{9A19103F-16F7-4668-BE54-9A1E7A4F7556}") = "Arcade.GetRating.Tests", "Arcade.GetRating.Tests\Arcade.GetRating.Tests.csproj", "{F36716A9-49B9-4403-B1B4-28E11A4CF472}"
EndProject
Project("{9A19103F-16F7-4668-BE54-9A1E7A4F7556}") = "Arcade.GetScore", "GetScore\Arcade.GetScore.csproj", "{3DE7AA39-3E3B-42B6-8020-E80928E20884}"
EndProject
Project("{9A19103F-16F7-4668-BE54-9A1E7A4F7556}") = "Arcade.GetScore.Tests", "GetScore.Tests\Arcade.GetScore.Tests.csproj", "{02813853-95F1-466C-A117-FAD3BC356149}"
EndProject
Project("{9A19103F-16F7-4668-BE54-9A1E7A4F7556}") = "Arcade.CreateUser", "Arcade.CreateUser\Arcade.CreateUser.csproj", "{726FB1BF-D3E2-4A98-A135-F5A731D7CC37}"
EndProject
Project("{9A19103F-16F7-4668-BE54-9A1E7A4F7556}") = "Arcade.CreateUser.Tests", "Arcade.CreateUser.Tests\Arcade.CreateUser.Tests.csproj", "{0F3D35CF-D420-45C5-9760-C8FCBC456869}"
EndProject
Project("{9A19103F-16F7-4668-BE54-9A1E7A4F7556}") = "Arcade.VerifyUser", "Arcade.VerifyUser\Arcade.VerifyUser.csproj", "{51871E49-1A89-4017-9927-1ECE5CABDE39}"
EndProject
Project("{9A19103F-16F7-4668-BE54-9A1E7A4F7556}") = "Arcade.VerifyUser.Tests", "Arcade.VerifyUser.Tests\Arcade.VerifyUser.Tests.csproj", "{07819202-05B5-46BF-BEB4-6D6A1DAF1445}"
EndProject
Project("{9A19103F-16F7-4668-BE54-9A1E7A4F7556}") = "Arcade.Authorizer", "Arcade.Authorizer\Arcade.Authorizer.csproj", "{860E3FFE-97ED-4B06-8596-1ADC71834A93}"
EndProject
Project("{9A19103F-16F7-4668-BE54-9A1E7A4F7556}") = "Arcade.Authorizer.Tests", "Arcade.Authorizer.Tests\Arcade.Authorizer.Tests.csproj", "{C5D83D34-58A4-4EF0-93B1-81D0EEB242C3}"
EndProject
Project("{9A19103F-16F7-4668-BE54-9A1E7A4F7556}") = "Arcade.VerifyAuthorizer", "Arcade.VerifyAuthorizer\Arcade.VerifyAuthorizer.csproj", "{26AE72CD-3063-469D-8B82-46CA0C1AED03}"
EndProject
Project("{9A19103F-16F7-4668-BE54-9A1E7A4F7556}") = "Arcade.VerifyAuthorizer.Tests", "Arcade.VerifyAuthorizer.Tests\Arcade.VerifyAuthorizer.Tests.csproj", "{FDD1CC97-48C2-4878-8EF5-AAC74ED9C50E}"
EndProject
Project("{9A19103F-16F7-4668-BE54-9A1E7A4F7556}") = "Arcade.ForgotInformation", "Arcade.ForgotInformation\Arcade.ForgotInformation.csproj", "{0BC26264-534A-4E6C-B4F9-7FF837114746}"
EndProject
Project("{9A19103F-16F7-4668-BE54-9A1E7A4F7556}") = "Arcade.CreateUserNative", "Arcade.CreateUserNative\Arcade.CreateUserNative.csproj", "{D3902D24-8350-4F1F-B2CE-464E25808E1F}"
EndProject
Project("{9A19103F-16F7-4668-BE54-9A1E7A4F7556}") = "Arcade.AutoTweetUserNumbers", "Arcade.AutoTweetUserNumbers\Arcade.AutoTweetUserNumbers.csproj", "{ED24126B-446F-4D20-BA2B-017E7649888D}"
EndProject
Project("{9A19103F-16F7-4668-BE54-9A1E7A4F7556}") = "Arcade.GetUsers", "Arcade.GetUsers\Arcade.GetUsers.csproj", "{FC56A891-4DFB-45F1-BA93-4F03C3CC37DF}"
EndProject
Project("{9A19103F-16F7-4668-BE54-9A1E7A4F7556}") = "Arcade.GetLeaderboard", "Arcade.GetLeaderboard\Arcade.GetLeaderboard.csproj", "{91058D71-7BA7-4FDD-A4A9-D53730BF4552}"
EndProject
Project("{9A19103F-16F7-4668-BE54-9A1E7A4F7556}") = "Arcade.ScoreMigration", "Arcade.ScoreMigration\Arcade.ScoreMigration.csproj", "{BE342A9F-0953-4050-9F67-F4DC6E4B344B}"
EndProject
Project("{9A19103F-16F7-4668-BE54-9A1E7A4F7556}") = "Arcade.RatingMigration", "Arcade.RatingMigration\Arcade.RatingMigration.csproj", "{A4335494-013F-471A-998F-5E744AE8CCD6}"
EndProject
Project("{9A19103F-16F7-4668-BE54-9A1E7A4F7556}") = "Arcade.AutoTweetUserNumbers.Tests", "Arcade.AutoTweetUserNumbers.Tests\Arcade.AutoTweetUserNumbers.Tests.csproj", "{4768279C-DDC5-46A6-A653-EBBCC3ABB4E9}"
EndProject
Project("{9A19103F-16F7-4668-BE54-9A1E7A4F7556}") = "Arcade.AutoTweetBestGames", "Arcade.AutoTweetBestGames\Arcade.AutoTweetBestGames.csproj", "{140AE9A9-F47E-4057-8955-F204E5139129}"
EndProject
Project("{9A19103F-16F7-4668-BE54-9A1E7A4F7556}") = "Arcade.TopFifty", "Arcade.TopFifty\Arcade.TopFifty.csproj", "{F7297A25-C1FA-4B62-9007-632EF2A237CF}"
EndProject
Project("{9A19103F-16F7-4668-BE54-9A1E7A4F7556}") = "Arcade.RecentActivity", "Arcade.RecentActivity\Arcade.RecentActivity.csproj", "{5BE9829C-0643-4405-BD97-E6151F13F5AD}"
EndProject
Project("{9A19103F-16F7-4668-BE54-9A1E7A4F7556}") = "Arcade.AutoTweetLeaderboards", "Arcade.AutoTweetLeaderboards\Arcade.AutoTweetLeaderboards.csproj", "{BC8BA127-D25D-460E-A2B7-6C4B4A4340B0}"
EndProject
Project("{9A19103F-16F7-4668-BE54-9A1E7A4F7556}") = "Arcade.GetClubs", "Arcade.GetClubs\Arcade.GetClubs.csproj", "{DCAB2695-63C5-426E-91AC-1791AE3079B1}"
EndProject
Project("{9A19103F-16F7-4668-BE54-9A1E7A4F7556}") = "Arcade.JoinClub", "Arcade.JoinClub\Arcade.JoinClub.csproj", "{F8EF7E81-FF7E-4B80-B53B-C9E9FEDF386C}"
EndProject
Project("{9A19103F-16F7-4668-BE54-9A1E7A4F7556}") = "Arcade.LeaveClub", "Arcade.LeaveClub\Arcade.LeaveClub.csproj", "{DD76F5AB-8DE9-4402-A3B8-25F8846FC2DD}"
EndProject
Project("{9A19103F-16F7-4668-BE54-9A1E7A4F7556}") = "Arcade.ProfileStats_GET", "Arcade.ProfileStats_GET\Arcade.ProfileStats_GET.csproj", "{BE110514-C347-441D-8C52-7A4544A6981E}"
EndProject
Project("{9A19103F-16F7-4668-BE54-9A1E7A4F7556}") = "Arcade.ProfileStats_POST", "Arcade.ProfileStats_POST\Arcade.ProfileStats_POST.csproj", "{4187489B-1016-4992-90F6-A7A931AAC94D}"
EndProject
Project("{9A19103F-16F7-4668-BE54-9A1E7A4F7556}") = "Arcade.RestoreUser", "Arcade.RestoreUser\Arcade.RestoreUser.csproj", "{E5D70763-D4A8-4FD7-805C-BAC1BCF1C7B5}"
EndProject
Project("{9A19103F-16F7-4668-BE54-9A1E7A4F7556}") = "Arcade.Challenges_POST", "Arcade.Challenges_POST\Arcade.Challenges_POST.csproj", "{134A520C-342F-49F1-B926-8C1BD0ED159F}"
EndProject
Project("{9A19103F-16F7-4668-BE54-9A1E7A4F7556}") = "Arcade.MyMessages_GET", "Arcade.MyMessages_GET\Arcade.MyMessages_GET.csproj", "{7FA05DD5-4AF3-4F7A-B3F6-FD96D87BEB4E}"
EndProject
Project("{9A19103F-16F7-4668-BE54-9A1E7A4F7556}") = "Arcade.EventNews_POST", "Arcade.EventNews_POST\Arcade.EventNews_POST.csproj", "{D6A783C1-8D68-43B0-BB87-11ABD374F73B}"
EndProject
Project("{9A19103F-16F7-4668-BE54-9A1E7A4F7556}") = "Arcade.AutoTweetTotals", "Arcade.AutoTweetTotals\Arcade.AutoTweetTotals.csproj", "{091D158E-A5DD-4B1F-AF35-4E4B50C2C85A}"
EndProject
Project("{9A19103F-16F7-4668-BE54-9A1E7A4F7556}") = "Arcade.GameDetails", "Arcade.GameDetails\Arcade.GameDetails.csproj", "{433DA349-A1B4-4552-892E-338670047398}"
EndProject
Project("{2150E333-8FDC-42A3-9474-1A3956D46DE8}") = "Tweets", "Tweets", "{88F0EADC-E7CF-486F-81EE-7DD694B8DAE3}"
EndProject
Project("{2150E333-8FDC-42A3-9474-1A3956D46DE8}") = "Migration", "Migration", "{9F258C02-48D8-4193-AB5B-1FBA67568E66}"
EndProject
Project("{2150E333-8FDC-42A3-9474-1A3956D46DE8}") = "Ratings", "Ratings", "{B491B9C1-6720-43C7-B2D6-4B9E3CF2E8C9}"
EndProject
Project("{2150E333-8FDC-42A3-9474-1A3956D46DE8}") = "User", "User", "{4061A6DC-9E0A-422D-BF80-DC308B7576CA}"
EndProject
Project("{2150E333-8FDC-42A3-9474-1A3956D46DE8}") = "Authorizers", "Authorizers", "{559601B3-9A27-4187-9703-80DF78FE2A5A}"
EndProject
Project("{2150E333-8FDC-42A3-9474-1A3956D46DE8}") = "Clubs", "Clubs", "{3127CFDD-8C8C-49C6-9B0B-F000C233B4F0}"
EndProject
Project("{9A19103F-16F7-4668-BE54-9A1E7A4F7556}") = "Arcade.AverageMigration", "Arcade.AverageMigration\Arcade.AverageMigration.csproj", "{2CA431B1-44DC-4272-ACFB-17C9BB282231}"
EndProject
Global
	GlobalSection(SolutionConfigurationPlatforms) = preSolution
		Debug|Any CPU = Debug|Any CPU
		Debug|x86 = Debug|x86
		Release|Any CPU = Release|Any CPU
		Release|x86 = Release|x86
	EndGlobalSection
	GlobalSection(ProjectConfigurationPlatforms) = postSolution
		{67B8FB4F-AD7F-4829-91EA-C9F1381BFA17}.Debug|Any CPU.ActiveCfg = Debug|Any CPU
		{67B8FB4F-AD7F-4829-91EA-C9F1381BFA17}.Debug|Any CPU.Build.0 = Debug|Any CPU
		{67B8FB4F-AD7F-4829-91EA-C9F1381BFA17}.Debug|x86.ActiveCfg = Debug|Any CPU
		{67B8FB4F-AD7F-4829-91EA-C9F1381BFA17}.Debug|x86.Build.0 = Debug|Any CPU
		{67B8FB4F-AD7F-4829-91EA-C9F1381BFA17}.Release|Any CPU.ActiveCfg = Release|Any CPU
		{67B8FB4F-AD7F-4829-91EA-C9F1381BFA17}.Release|Any CPU.Build.0 = Release|Any CPU
		{67B8FB4F-AD7F-4829-91EA-C9F1381BFA17}.Release|x86.ActiveCfg = Release|Any CPU
		{67B8FB4F-AD7F-4829-91EA-C9F1381BFA17}.Release|x86.Build.0 = Release|Any CPU
		{646042AB-8342-4BB5-AA98-8573147F4AC3}.Debug|Any CPU.ActiveCfg = Debug|Any CPU
		{646042AB-8342-4BB5-AA98-8573147F4AC3}.Debug|Any CPU.Build.0 = Debug|Any CPU
		{646042AB-8342-4BB5-AA98-8573147F4AC3}.Debug|x86.ActiveCfg = Debug|Any CPU
		{646042AB-8342-4BB5-AA98-8573147F4AC3}.Debug|x86.Build.0 = Debug|Any CPU
		{646042AB-8342-4BB5-AA98-8573147F4AC3}.Release|Any CPU.ActiveCfg = Release|Any CPU
		{646042AB-8342-4BB5-AA98-8573147F4AC3}.Release|Any CPU.Build.0 = Release|Any CPU
		{646042AB-8342-4BB5-AA98-8573147F4AC3}.Release|x86.ActiveCfg = Release|Any CPU
		{646042AB-8342-4BB5-AA98-8573147F4AC3}.Release|x86.Build.0 = Release|Any CPU
		{C91889FC-2AD8-4707-9ED4-8FBE77F93047}.Debug|Any CPU.ActiveCfg = Debug|Any CPU
		{C91889FC-2AD8-4707-9ED4-8FBE77F93047}.Debug|Any CPU.Build.0 = Debug|Any CPU
		{C91889FC-2AD8-4707-9ED4-8FBE77F93047}.Debug|x86.ActiveCfg = Debug|Any CPU
		{C91889FC-2AD8-4707-9ED4-8FBE77F93047}.Debug|x86.Build.0 = Debug|Any CPU
		{C91889FC-2AD8-4707-9ED4-8FBE77F93047}.Release|Any CPU.ActiveCfg = Release|Any CPU
		{C91889FC-2AD8-4707-9ED4-8FBE77F93047}.Release|Any CPU.Build.0 = Release|Any CPU
		{C91889FC-2AD8-4707-9ED4-8FBE77F93047}.Release|x86.ActiveCfg = Release|Any CPU
		{C91889FC-2AD8-4707-9ED4-8FBE77F93047}.Release|x86.Build.0 = Release|Any CPU
		{E4F1A67E-B6B4-4B00-AB30-58E795BAD0C7}.Debug|Any CPU.ActiveCfg = Debug|Any CPU
		{E4F1A67E-B6B4-4B00-AB30-58E795BAD0C7}.Debug|Any CPU.Build.0 = Debug|Any CPU
		{E4F1A67E-B6B4-4B00-AB30-58E795BAD0C7}.Debug|x86.ActiveCfg = Debug|Any CPU
		{E4F1A67E-B6B4-4B00-AB30-58E795BAD0C7}.Debug|x86.Build.0 = Debug|Any CPU
		{E4F1A67E-B6B4-4B00-AB30-58E795BAD0C7}.Release|Any CPU.ActiveCfg = Release|Any CPU
		{E4F1A67E-B6B4-4B00-AB30-58E795BAD0C7}.Release|Any CPU.Build.0 = Release|Any CPU
		{E4F1A67E-B6B4-4B00-AB30-58E795BAD0C7}.Release|x86.ActiveCfg = Release|Any CPU
		{E4F1A67E-B6B4-4B00-AB30-58E795BAD0C7}.Release|x86.Build.0 = Release|Any CPU
		{99999999-9999-9999-9999-999999999999}.Debug|Any CPU.ActiveCfg = Debug|x86
		{99999999-9999-9999-9999-999999999999}.Debug|x86.ActiveCfg = Debug|x86
		{99999999-9999-9999-9999-999999999999}.Debug|x86.Build.0 = Debug|x86
		{99999999-9999-9999-9999-999999999999}.Release|Any CPU.ActiveCfg = Release|x86
		{99999999-9999-9999-9999-999999999999}.Release|x86.ActiveCfg = Release|x86
		{99999999-9999-9999-9999-999999999999}.Release|x86.Build.0 = Release|x86
		{BA12536B-31D6-42A4-9DBB-319B5E2818A6}.Debug|Any CPU.ActiveCfg = Debug|Any CPU
		{BA12536B-31D6-42A4-9DBB-319B5E2818A6}.Debug|Any CPU.Build.0 = Debug|Any CPU
		{BA12536B-31D6-42A4-9DBB-319B5E2818A6}.Debug|x86.ActiveCfg = Debug|Any CPU
		{BA12536B-31D6-42A4-9DBB-319B5E2818A6}.Debug|x86.Build.0 = Debug|Any CPU
		{BA12536B-31D6-42A4-9DBB-319B5E2818A6}.Release|Any CPU.ActiveCfg = Release|Any CPU
		{BA12536B-31D6-42A4-9DBB-319B5E2818A6}.Release|Any CPU.Build.0 = Release|Any CPU
		{BA12536B-31D6-42A4-9DBB-319B5E2818A6}.Release|x86.ActiveCfg = Release|Any CPU
		{BA12536B-31D6-42A4-9DBB-319B5E2818A6}.Release|x86.Build.0 = Release|Any CPU
		{62B954E7-D13E-4609-B9CB-6D5F7C931721}.Debug|Any CPU.ActiveCfg = Debug|Any CPU
		{62B954E7-D13E-4609-B9CB-6D5F7C931721}.Debug|Any CPU.Build.0 = Debug|Any CPU
		{62B954E7-D13E-4609-B9CB-6D5F7C931721}.Debug|x86.ActiveCfg = Debug|Any CPU
		{62B954E7-D13E-4609-B9CB-6D5F7C931721}.Debug|x86.Build.0 = Debug|Any CPU
		{62B954E7-D13E-4609-B9CB-6D5F7C931721}.Release|Any CPU.ActiveCfg = Release|Any CPU
		{62B954E7-D13E-4609-B9CB-6D5F7C931721}.Release|Any CPU.Build.0 = Release|Any CPU
		{62B954E7-D13E-4609-B9CB-6D5F7C931721}.Release|x86.ActiveCfg = Release|Any CPU
		{62B954E7-D13E-4609-B9CB-6D5F7C931721}.Release|x86.Build.0 = Release|Any CPU
		{5231D592-1D28-4279-A19B-38A98B295808}.Debug|Any CPU.ActiveCfg = Debug|Any CPU
		{5231D592-1D28-4279-A19B-38A98B295808}.Debug|Any CPU.Build.0 = Debug|Any CPU
		{5231D592-1D28-4279-A19B-38A98B295808}.Debug|x86.ActiveCfg = Debug|Any CPU
		{5231D592-1D28-4279-A19B-38A98B295808}.Debug|x86.Build.0 = Debug|Any CPU
		{5231D592-1D28-4279-A19B-38A98B295808}.Release|Any CPU.ActiveCfg = Release|Any CPU
		{5231D592-1D28-4279-A19B-38A98B295808}.Release|Any CPU.Build.0 = Release|Any CPU
		{5231D592-1D28-4279-A19B-38A98B295808}.Release|x86.ActiveCfg = Release|Any CPU
		{5231D592-1D28-4279-A19B-38A98B295808}.Release|x86.Build.0 = Release|Any CPU
		{F36716A9-49B9-4403-B1B4-28E11A4CF472}.Debug|Any CPU.ActiveCfg = Debug|Any CPU
		{F36716A9-49B9-4403-B1B4-28E11A4CF472}.Debug|Any CPU.Build.0 = Debug|Any CPU
		{F36716A9-49B9-4403-B1B4-28E11A4CF472}.Debug|x86.ActiveCfg = Debug|Any CPU
		{F36716A9-49B9-4403-B1B4-28E11A4CF472}.Debug|x86.Build.0 = Debug|Any CPU
		{F36716A9-49B9-4403-B1B4-28E11A4CF472}.Release|Any CPU.ActiveCfg = Release|Any CPU
		{F36716A9-49B9-4403-B1B4-28E11A4CF472}.Release|Any CPU.Build.0 = Release|Any CPU
		{F36716A9-49B9-4403-B1B4-28E11A4CF472}.Release|x86.ActiveCfg = Release|Any CPU
		{F36716A9-49B9-4403-B1B4-28E11A4CF472}.Release|x86.Build.0 = Release|Any CPU
		{3DE7AA39-3E3B-42B6-8020-E80928E20884}.Debug|Any CPU.ActiveCfg = Debug|Any CPU
		{3DE7AA39-3E3B-42B6-8020-E80928E20884}.Debug|Any CPU.Build.0 = Debug|Any CPU
		{3DE7AA39-3E3B-42B6-8020-E80928E20884}.Debug|x86.ActiveCfg = Debug|Any CPU
		{3DE7AA39-3E3B-42B6-8020-E80928E20884}.Debug|x86.Build.0 = Debug|Any CPU
		{3DE7AA39-3E3B-42B6-8020-E80928E20884}.Release|Any CPU.ActiveCfg = Release|Any CPU
		{3DE7AA39-3E3B-42B6-8020-E80928E20884}.Release|Any CPU.Build.0 = Release|Any CPU
		{3DE7AA39-3E3B-42B6-8020-E80928E20884}.Release|x86.ActiveCfg = Release|Any CPU
		{3DE7AA39-3E3B-42B6-8020-E80928E20884}.Release|x86.Build.0 = Release|Any CPU
		{02813853-95F1-466C-A117-FAD3BC356149}.Debug|Any CPU.ActiveCfg = Debug|Any CPU
		{02813853-95F1-466C-A117-FAD3BC356149}.Debug|Any CPU.Build.0 = Debug|Any CPU
		{02813853-95F1-466C-A117-FAD3BC356149}.Debug|x86.ActiveCfg = Debug|Any CPU
		{02813853-95F1-466C-A117-FAD3BC356149}.Debug|x86.Build.0 = Debug|Any CPU
		{02813853-95F1-466C-A117-FAD3BC356149}.Release|Any CPU.ActiveCfg = Release|Any CPU
		{02813853-95F1-466C-A117-FAD3BC356149}.Release|Any CPU.Build.0 = Release|Any CPU
		{02813853-95F1-466C-A117-FAD3BC356149}.Release|x86.ActiveCfg = Release|Any CPU
		{02813853-95F1-466C-A117-FAD3BC356149}.Release|x86.Build.0 = Release|Any CPU
		{726FB1BF-D3E2-4A98-A135-F5A731D7CC37}.Debug|Any CPU.ActiveCfg = Debug|Any CPU
		{726FB1BF-D3E2-4A98-A135-F5A731D7CC37}.Debug|Any CPU.Build.0 = Debug|Any CPU
		{726FB1BF-D3E2-4A98-A135-F5A731D7CC37}.Debug|x86.ActiveCfg = Debug|Any CPU
		{726FB1BF-D3E2-4A98-A135-F5A731D7CC37}.Debug|x86.Build.0 = Debug|Any CPU
		{726FB1BF-D3E2-4A98-A135-F5A731D7CC37}.Release|Any CPU.ActiveCfg = Release|Any CPU
		{726FB1BF-D3E2-4A98-A135-F5A731D7CC37}.Release|Any CPU.Build.0 = Release|Any CPU
		{726FB1BF-D3E2-4A98-A135-F5A731D7CC37}.Release|x86.ActiveCfg = Release|Any CPU
		{726FB1BF-D3E2-4A98-A135-F5A731D7CC37}.Release|x86.Build.0 = Release|Any CPU
		{0F3D35CF-D420-45C5-9760-C8FCBC456869}.Debug|Any CPU.ActiveCfg = Debug|Any CPU
		{0F3D35CF-D420-45C5-9760-C8FCBC456869}.Debug|Any CPU.Build.0 = Debug|Any CPU
		{0F3D35CF-D420-45C5-9760-C8FCBC456869}.Debug|x86.ActiveCfg = Debug|Any CPU
		{0F3D35CF-D420-45C5-9760-C8FCBC456869}.Debug|x86.Build.0 = Debug|Any CPU
		{0F3D35CF-D420-45C5-9760-C8FCBC456869}.Release|Any CPU.ActiveCfg = Release|Any CPU
		{0F3D35CF-D420-45C5-9760-C8FCBC456869}.Release|Any CPU.Build.0 = Release|Any CPU
		{0F3D35CF-D420-45C5-9760-C8FCBC456869}.Release|x86.ActiveCfg = Release|Any CPU
		{0F3D35CF-D420-45C5-9760-C8FCBC456869}.Release|x86.Build.0 = Release|Any CPU
		{51871E49-1A89-4017-9927-1ECE5CABDE39}.Debug|Any CPU.ActiveCfg = Debug|Any CPU
		{51871E49-1A89-4017-9927-1ECE5CABDE39}.Debug|Any CPU.Build.0 = Debug|Any CPU
		{51871E49-1A89-4017-9927-1ECE5CABDE39}.Debug|x86.ActiveCfg = Debug|Any CPU
		{51871E49-1A89-4017-9927-1ECE5CABDE39}.Debug|x86.Build.0 = Debug|Any CPU
		{51871E49-1A89-4017-9927-1ECE5CABDE39}.Release|Any CPU.ActiveCfg = Release|Any CPU
		{51871E49-1A89-4017-9927-1ECE5CABDE39}.Release|Any CPU.Build.0 = Release|Any CPU
		{51871E49-1A89-4017-9927-1ECE5CABDE39}.Release|x86.ActiveCfg = Release|Any CPU
		{51871E49-1A89-4017-9927-1ECE5CABDE39}.Release|x86.Build.0 = Release|Any CPU
		{07819202-05B5-46BF-BEB4-6D6A1DAF1445}.Debug|Any CPU.ActiveCfg = Debug|Any CPU
		{07819202-05B5-46BF-BEB4-6D6A1DAF1445}.Debug|Any CPU.Build.0 = Debug|Any CPU
		{07819202-05B5-46BF-BEB4-6D6A1DAF1445}.Debug|x86.ActiveCfg = Debug|Any CPU
		{07819202-05B5-46BF-BEB4-6D6A1DAF1445}.Debug|x86.Build.0 = Debug|Any CPU
		{07819202-05B5-46BF-BEB4-6D6A1DAF1445}.Release|Any CPU.ActiveCfg = Release|Any CPU
		{07819202-05B5-46BF-BEB4-6D6A1DAF1445}.Release|Any CPU.Build.0 = Release|Any CPU
		{07819202-05B5-46BF-BEB4-6D6A1DAF1445}.Release|x86.ActiveCfg = Release|Any CPU
		{07819202-05B5-46BF-BEB4-6D6A1DAF1445}.Release|x86.Build.0 = Release|Any CPU
		{860E3FFE-97ED-4B06-8596-1ADC71834A93}.Debug|Any CPU.ActiveCfg = Debug|Any CPU
		{860E3FFE-97ED-4B06-8596-1ADC71834A93}.Debug|Any CPU.Build.0 = Debug|Any CPU
		{860E3FFE-97ED-4B06-8596-1ADC71834A93}.Debug|x86.ActiveCfg = Debug|Any CPU
		{860E3FFE-97ED-4B06-8596-1ADC71834A93}.Debug|x86.Build.0 = Debug|Any CPU
		{860E3FFE-97ED-4B06-8596-1ADC71834A93}.Release|Any CPU.ActiveCfg = Release|Any CPU
		{860E3FFE-97ED-4B06-8596-1ADC71834A93}.Release|Any CPU.Build.0 = Release|Any CPU
		{860E3FFE-97ED-4B06-8596-1ADC71834A93}.Release|x86.ActiveCfg = Release|Any CPU
		{860E3FFE-97ED-4B06-8596-1ADC71834A93}.Release|x86.Build.0 = Release|Any CPU
		{C5D83D34-58A4-4EF0-93B1-81D0EEB242C3}.Debug|Any CPU.ActiveCfg = Debug|Any CPU
		{C5D83D34-58A4-4EF0-93B1-81D0EEB242C3}.Debug|Any CPU.Build.0 = Debug|Any CPU
		{C5D83D34-58A4-4EF0-93B1-81D0EEB242C3}.Debug|x86.ActiveCfg = Debug|Any CPU
		{C5D83D34-58A4-4EF0-93B1-81D0EEB242C3}.Debug|x86.Build.0 = Debug|Any CPU
		{C5D83D34-58A4-4EF0-93B1-81D0EEB242C3}.Release|Any CPU.ActiveCfg = Release|Any CPU
		{C5D83D34-58A4-4EF0-93B1-81D0EEB242C3}.Release|Any CPU.Build.0 = Release|Any CPU
		{C5D83D34-58A4-4EF0-93B1-81D0EEB242C3}.Release|x86.ActiveCfg = Release|Any CPU
		{C5D83D34-58A4-4EF0-93B1-81D0EEB242C3}.Release|x86.Build.0 = Release|Any CPU
		{26AE72CD-3063-469D-8B82-46CA0C1AED03}.Debug|Any CPU.ActiveCfg = Debug|Any CPU
		{26AE72CD-3063-469D-8B82-46CA0C1AED03}.Debug|Any CPU.Build.0 = Debug|Any CPU
		{26AE72CD-3063-469D-8B82-46CA0C1AED03}.Debug|x86.ActiveCfg = Debug|Any CPU
		{26AE72CD-3063-469D-8B82-46CA0C1AED03}.Debug|x86.Build.0 = Debug|Any CPU
		{26AE72CD-3063-469D-8B82-46CA0C1AED03}.Release|Any CPU.ActiveCfg = Release|Any CPU
		{26AE72CD-3063-469D-8B82-46CA0C1AED03}.Release|Any CPU.Build.0 = Release|Any CPU
		{26AE72CD-3063-469D-8B82-46CA0C1AED03}.Release|x86.ActiveCfg = Release|Any CPU
		{26AE72CD-3063-469D-8B82-46CA0C1AED03}.Release|x86.Build.0 = Release|Any CPU
		{FDD1CC97-48C2-4878-8EF5-AAC74ED9C50E}.Debug|Any CPU.ActiveCfg = Debug|Any CPU
		{FDD1CC97-48C2-4878-8EF5-AAC74ED9C50E}.Debug|Any CPU.Build.0 = Debug|Any CPU
		{FDD1CC97-48C2-4878-8EF5-AAC74ED9C50E}.Debug|x86.ActiveCfg = Debug|Any CPU
		{FDD1CC97-48C2-4878-8EF5-AAC74ED9C50E}.Debug|x86.Build.0 = Debug|Any CPU
		{FDD1CC97-48C2-4878-8EF5-AAC74ED9C50E}.Release|Any CPU.ActiveCfg = Release|Any CPU
		{FDD1CC97-48C2-4878-8EF5-AAC74ED9C50E}.Release|Any CPU.Build.0 = Release|Any CPU
		{FDD1CC97-48C2-4878-8EF5-AAC74ED9C50E}.Release|x86.ActiveCfg = Release|Any CPU
		{FDD1CC97-48C2-4878-8EF5-AAC74ED9C50E}.Release|x86.Build.0 = Release|Any CPU
		{0BC26264-534A-4E6C-B4F9-7FF837114746}.Debug|Any CPU.ActiveCfg = Debug|Any CPU
		{0BC26264-534A-4E6C-B4F9-7FF837114746}.Debug|Any CPU.Build.0 = Debug|Any CPU
		{0BC26264-534A-4E6C-B4F9-7FF837114746}.Debug|x86.ActiveCfg = Debug|Any CPU
		{0BC26264-534A-4E6C-B4F9-7FF837114746}.Debug|x86.Build.0 = Debug|Any CPU
		{0BC26264-534A-4E6C-B4F9-7FF837114746}.Release|Any CPU.ActiveCfg = Release|Any CPU
		{0BC26264-534A-4E6C-B4F9-7FF837114746}.Release|Any CPU.Build.0 = Release|Any CPU
		{0BC26264-534A-4E6C-B4F9-7FF837114746}.Release|x86.ActiveCfg = Release|Any CPU
		{0BC26264-534A-4E6C-B4F9-7FF837114746}.Release|x86.Build.0 = Release|Any CPU
		{D3902D24-8350-4F1F-B2CE-464E25808E1F}.Debug|Any CPU.ActiveCfg = Debug|Any CPU
		{D3902D24-8350-4F1F-B2CE-464E25808E1F}.Debug|Any CPU.Build.0 = Debug|Any CPU
		{D3902D24-8350-4F1F-B2CE-464E25808E1F}.Debug|x86.ActiveCfg = Debug|Any CPU
		{D3902D24-8350-4F1F-B2CE-464E25808E1F}.Debug|x86.Build.0 = Debug|Any CPU
		{D3902D24-8350-4F1F-B2CE-464E25808E1F}.Release|Any CPU.ActiveCfg = Release|Any CPU
		{D3902D24-8350-4F1F-B2CE-464E25808E1F}.Release|Any CPU.Build.0 = Release|Any CPU
		{D3902D24-8350-4F1F-B2CE-464E25808E1F}.Release|x86.ActiveCfg = Release|Any CPU
		{D3902D24-8350-4F1F-B2CE-464E25808E1F}.Release|x86.Build.0 = Release|Any CPU
		{ED24126B-446F-4D20-BA2B-017E7649888D}.Debug|Any CPU.ActiveCfg = Debug|Any CPU
		{ED24126B-446F-4D20-BA2B-017E7649888D}.Debug|Any CPU.Build.0 = Debug|Any CPU
		{ED24126B-446F-4D20-BA2B-017E7649888D}.Debug|x86.ActiveCfg = Debug|Any CPU
		{ED24126B-446F-4D20-BA2B-017E7649888D}.Debug|x86.Build.0 = Debug|Any CPU
		{ED24126B-446F-4D20-BA2B-017E7649888D}.Release|Any CPU.ActiveCfg = Release|Any CPU
		{ED24126B-446F-4D20-BA2B-017E7649888D}.Release|Any CPU.Build.0 = Release|Any CPU
		{ED24126B-446F-4D20-BA2B-017E7649888D}.Release|x86.ActiveCfg = Release|Any CPU
		{ED24126B-446F-4D20-BA2B-017E7649888D}.Release|x86.Build.0 = Release|Any CPU
		{FC56A891-4DFB-45F1-BA93-4F03C3CC37DF}.Debug|Any CPU.ActiveCfg = Debug|Any CPU
		{FC56A891-4DFB-45F1-BA93-4F03C3CC37DF}.Debug|Any CPU.Build.0 = Debug|Any CPU
		{FC56A891-4DFB-45F1-BA93-4F03C3CC37DF}.Debug|x86.ActiveCfg = Debug|Any CPU
		{FC56A891-4DFB-45F1-BA93-4F03C3CC37DF}.Debug|x86.Build.0 = Debug|Any CPU
		{FC56A891-4DFB-45F1-BA93-4F03C3CC37DF}.Release|Any CPU.ActiveCfg = Release|Any CPU
		{FC56A891-4DFB-45F1-BA93-4F03C3CC37DF}.Release|Any CPU.Build.0 = Release|Any CPU
		{FC56A891-4DFB-45F1-BA93-4F03C3CC37DF}.Release|x86.ActiveCfg = Release|Any CPU
		{FC56A891-4DFB-45F1-BA93-4F03C3CC37DF}.Release|x86.Build.0 = Release|Any CPU
		{91058D71-7BA7-4FDD-A4A9-D53730BF4552}.Debug|Any CPU.ActiveCfg = Debug|Any CPU
		{91058D71-7BA7-4FDD-A4A9-D53730BF4552}.Debug|Any CPU.Build.0 = Debug|Any CPU
		{91058D71-7BA7-4FDD-A4A9-D53730BF4552}.Debug|x86.ActiveCfg = Debug|Any CPU
		{91058D71-7BA7-4FDD-A4A9-D53730BF4552}.Debug|x86.Build.0 = Debug|Any CPU
		{91058D71-7BA7-4FDD-A4A9-D53730BF4552}.Release|Any CPU.ActiveCfg = Release|Any CPU
		{91058D71-7BA7-4FDD-A4A9-D53730BF4552}.Release|Any CPU.Build.0 = Release|Any CPU
		{91058D71-7BA7-4FDD-A4A9-D53730BF4552}.Release|x86.ActiveCfg = Release|Any CPU
		{91058D71-7BA7-4FDD-A4A9-D53730BF4552}.Release|x86.Build.0 = Release|Any CPU
		{BE342A9F-0953-4050-9F67-F4DC6E4B344B}.Debug|Any CPU.ActiveCfg = Debug|Any CPU
		{BE342A9F-0953-4050-9F67-F4DC6E4B344B}.Debug|Any CPU.Build.0 = Debug|Any CPU
		{BE342A9F-0953-4050-9F67-F4DC6E4B344B}.Debug|x86.ActiveCfg = Debug|Any CPU
		{BE342A9F-0953-4050-9F67-F4DC6E4B344B}.Debug|x86.Build.0 = Debug|Any CPU
		{BE342A9F-0953-4050-9F67-F4DC6E4B344B}.Release|Any CPU.ActiveCfg = Release|Any CPU
		{BE342A9F-0953-4050-9F67-F4DC6E4B344B}.Release|Any CPU.Build.0 = Release|Any CPU
		{BE342A9F-0953-4050-9F67-F4DC6E4B344B}.Release|x86.ActiveCfg = Release|Any CPU
		{BE342A9F-0953-4050-9F67-F4DC6E4B344B}.Release|x86.Build.0 = Release|Any CPU
		{A4335494-013F-471A-998F-5E744AE8CCD6}.Debug|Any CPU.ActiveCfg = Debug|Any CPU
		{A4335494-013F-471A-998F-5E744AE8CCD6}.Debug|Any CPU.Build.0 = Debug|Any CPU
		{A4335494-013F-471A-998F-5E744AE8CCD6}.Debug|x86.ActiveCfg = Debug|Any CPU
		{A4335494-013F-471A-998F-5E744AE8CCD6}.Debug|x86.Build.0 = Debug|Any CPU
		{A4335494-013F-471A-998F-5E744AE8CCD6}.Release|Any CPU.ActiveCfg = Release|Any CPU
		{A4335494-013F-471A-998F-5E744AE8CCD6}.Release|Any CPU.Build.0 = Release|Any CPU
		{A4335494-013F-471A-998F-5E744AE8CCD6}.Release|x86.ActiveCfg = Release|Any CPU
		{A4335494-013F-471A-998F-5E744AE8CCD6}.Release|x86.Build.0 = Release|Any CPU
		{4768279C-DDC5-46A6-A653-EBBCC3ABB4E9}.Debug|Any CPU.ActiveCfg = Debug|Any CPU
		{4768279C-DDC5-46A6-A653-EBBCC3ABB4E9}.Debug|Any CPU.Build.0 = Debug|Any CPU
		{4768279C-DDC5-46A6-A653-EBBCC3ABB4E9}.Debug|x86.ActiveCfg = Debug|Any CPU
		{4768279C-DDC5-46A6-A653-EBBCC3ABB4E9}.Debug|x86.Build.0 = Debug|Any CPU
		{4768279C-DDC5-46A6-A653-EBBCC3ABB4E9}.Release|Any CPU.ActiveCfg = Release|Any CPU
		{4768279C-DDC5-46A6-A653-EBBCC3ABB4E9}.Release|Any CPU.Build.0 = Release|Any CPU
		{4768279C-DDC5-46A6-A653-EBBCC3ABB4E9}.Release|x86.ActiveCfg = Release|Any CPU
		{4768279C-DDC5-46A6-A653-EBBCC3ABB4E9}.Release|x86.Build.0 = Release|Any CPU
		{140AE9A9-F47E-4057-8955-F204E5139129}.Debug|Any CPU.ActiveCfg = Debug|Any CPU
		{140AE9A9-F47E-4057-8955-F204E5139129}.Debug|Any CPU.Build.0 = Debug|Any CPU
		{140AE9A9-F47E-4057-8955-F204E5139129}.Debug|x86.ActiveCfg = Debug|Any CPU
		{140AE9A9-F47E-4057-8955-F204E5139129}.Debug|x86.Build.0 = Debug|Any CPU
		{140AE9A9-F47E-4057-8955-F204E5139129}.Release|Any CPU.ActiveCfg = Release|Any CPU
		{140AE9A9-F47E-4057-8955-F204E5139129}.Release|Any CPU.Build.0 = Release|Any CPU
		{140AE9A9-F47E-4057-8955-F204E5139129}.Release|x86.ActiveCfg = Release|Any CPU
		{140AE9A9-F47E-4057-8955-F204E5139129}.Release|x86.Build.0 = Release|Any CPU
		{F7297A25-C1FA-4B62-9007-632EF2A237CF}.Debug|Any CPU.ActiveCfg = Debug|Any CPU
		{F7297A25-C1FA-4B62-9007-632EF2A237CF}.Debug|Any CPU.Build.0 = Debug|Any CPU
		{F7297A25-C1FA-4B62-9007-632EF2A237CF}.Debug|x86.ActiveCfg = Debug|Any CPU
		{F7297A25-C1FA-4B62-9007-632EF2A237CF}.Debug|x86.Build.0 = Debug|Any CPU
		{F7297A25-C1FA-4B62-9007-632EF2A237CF}.Release|Any CPU.ActiveCfg = Release|Any CPU
		{F7297A25-C1FA-4B62-9007-632EF2A237CF}.Release|Any CPU.Build.0 = Release|Any CPU
		{F7297A25-C1FA-4B62-9007-632EF2A237CF}.Release|x86.ActiveCfg = Release|Any CPU
		{F7297A25-C1FA-4B62-9007-632EF2A237CF}.Release|x86.Build.0 = Release|Any CPU
		{5BE9829C-0643-4405-BD97-E6151F13F5AD}.Debug|Any CPU.ActiveCfg = Debug|Any CPU
		{5BE9829C-0643-4405-BD97-E6151F13F5AD}.Debug|Any CPU.Build.0 = Debug|Any CPU
		{5BE9829C-0643-4405-BD97-E6151F13F5AD}.Debug|x86.ActiveCfg = Debug|Any CPU
		{5BE9829C-0643-4405-BD97-E6151F13F5AD}.Debug|x86.Build.0 = Debug|Any CPU
		{5BE9829C-0643-4405-BD97-E6151F13F5AD}.Release|Any CPU.ActiveCfg = Release|Any CPU
		{5BE9829C-0643-4405-BD97-E6151F13F5AD}.Release|Any CPU.Build.0 = Release|Any CPU
		{5BE9829C-0643-4405-BD97-E6151F13F5AD}.Release|x86.ActiveCfg = Release|Any CPU
		{5BE9829C-0643-4405-BD97-E6151F13F5AD}.Release|x86.Build.0 = Release|Any CPU
		{BC8BA127-D25D-460E-A2B7-6C4B4A4340B0}.Debug|Any CPU.ActiveCfg = Debug|Any CPU
		{BC8BA127-D25D-460E-A2B7-6C4B4A4340B0}.Debug|Any CPU.Build.0 = Debug|Any CPU
		{BC8BA127-D25D-460E-A2B7-6C4B4A4340B0}.Debug|x86.ActiveCfg = Debug|Any CPU
		{BC8BA127-D25D-460E-A2B7-6C4B4A4340B0}.Debug|x86.Build.0 = Debug|Any CPU
		{BC8BA127-D25D-460E-A2B7-6C4B4A4340B0}.Release|Any CPU.ActiveCfg = Release|Any CPU
		{BC8BA127-D25D-460E-A2B7-6C4B4A4340B0}.Release|Any CPU.Build.0 = Release|Any CPU
		{BC8BA127-D25D-460E-A2B7-6C4B4A4340B0}.Release|x86.ActiveCfg = Release|Any CPU
		{BC8BA127-D25D-460E-A2B7-6C4B4A4340B0}.Release|x86.Build.0 = Release|Any CPU
		{DCAB2695-63C5-426E-91AC-1791AE3079B1}.Debug|Any CPU.ActiveCfg = Debug|Any CPU
		{DCAB2695-63C5-426E-91AC-1791AE3079B1}.Debug|Any CPU.Build.0 = Debug|Any CPU
		{DCAB2695-63C5-426E-91AC-1791AE3079B1}.Debug|x86.ActiveCfg = Debug|Any CPU
		{DCAB2695-63C5-426E-91AC-1791AE3079B1}.Debug|x86.Build.0 = Debug|Any CPU
		{DCAB2695-63C5-426E-91AC-1791AE3079B1}.Release|Any CPU.ActiveCfg = Release|Any CPU
		{DCAB2695-63C5-426E-91AC-1791AE3079B1}.Release|Any CPU.Build.0 = Release|Any CPU
		{DCAB2695-63C5-426E-91AC-1791AE3079B1}.Release|x86.ActiveCfg = Release|Any CPU
		{DCAB2695-63C5-426E-91AC-1791AE3079B1}.Release|x86.Build.0 = Release|Any CPU
		{F8EF7E81-FF7E-4B80-B53B-C9E9FEDF386C}.Debug|Any CPU.ActiveCfg = Debug|Any CPU
		{F8EF7E81-FF7E-4B80-B53B-C9E9FEDF386C}.Debug|Any CPU.Build.0 = Debug|Any CPU
		{F8EF7E81-FF7E-4B80-B53B-C9E9FEDF386C}.Debug|x86.ActiveCfg = Debug|Any CPU
		{F8EF7E81-FF7E-4B80-B53B-C9E9FEDF386C}.Debug|x86.Build.0 = Debug|Any CPU
		{F8EF7E81-FF7E-4B80-B53B-C9E9FEDF386C}.Release|Any CPU.ActiveCfg = Release|Any CPU
		{F8EF7E81-FF7E-4B80-B53B-C9E9FEDF386C}.Release|Any CPU.Build.0 = Release|Any CPU
		{F8EF7E81-FF7E-4B80-B53B-C9E9FEDF386C}.Release|x86.ActiveCfg = Release|Any CPU
		{F8EF7E81-FF7E-4B80-B53B-C9E9FEDF386C}.Release|x86.Build.0 = Release|Any CPU
		{DD76F5AB-8DE9-4402-A3B8-25F8846FC2DD}.Debug|Any CPU.ActiveCfg = Debug|Any CPU
		{DD76F5AB-8DE9-4402-A3B8-25F8846FC2DD}.Debug|Any CPU.Build.0 = Debug|Any CPU
		{DD76F5AB-8DE9-4402-A3B8-25F8846FC2DD}.Debug|x86.ActiveCfg = Debug|Any CPU
		{DD76F5AB-8DE9-4402-A3B8-25F8846FC2DD}.Debug|x86.Build.0 = Debug|Any CPU
		{DD76F5AB-8DE9-4402-A3B8-25F8846FC2DD}.Release|Any CPU.ActiveCfg = Release|Any CPU
		{DD76F5AB-8DE9-4402-A3B8-25F8846FC2DD}.Release|Any CPU.Build.0 = Release|Any CPU
		{DD76F5AB-8DE9-4402-A3B8-25F8846FC2DD}.Release|x86.ActiveCfg = Release|Any CPU
		{DD76F5AB-8DE9-4402-A3B8-25F8846FC2DD}.Release|x86.Build.0 = Release|Any CPU
		{BE110514-C347-441D-8C52-7A4544A6981E}.Debug|Any CPU.ActiveCfg = Debug|Any CPU
		{BE110514-C347-441D-8C52-7A4544A6981E}.Debug|Any CPU.Build.0 = Debug|Any CPU
		{BE110514-C347-441D-8C52-7A4544A6981E}.Debug|x86.ActiveCfg = Debug|Any CPU
		{BE110514-C347-441D-8C52-7A4544A6981E}.Debug|x86.Build.0 = Debug|Any CPU
		{BE110514-C347-441D-8C52-7A4544A6981E}.Release|Any CPU.ActiveCfg = Release|Any CPU
		{BE110514-C347-441D-8C52-7A4544A6981E}.Release|Any CPU.Build.0 = Release|Any CPU
		{BE110514-C347-441D-8C52-7A4544A6981E}.Release|x86.ActiveCfg = Release|Any CPU
		{BE110514-C347-441D-8C52-7A4544A6981E}.Release|x86.Build.0 = Release|Any CPU
		{4187489B-1016-4992-90F6-A7A931AAC94D}.Debug|Any CPU.ActiveCfg = Debug|Any CPU
		{4187489B-1016-4992-90F6-A7A931AAC94D}.Debug|Any CPU.Build.0 = Debug|Any CPU
		{4187489B-1016-4992-90F6-A7A931AAC94D}.Debug|x86.ActiveCfg = Debug|Any CPU
		{4187489B-1016-4992-90F6-A7A931AAC94D}.Debug|x86.Build.0 = Debug|Any CPU
		{4187489B-1016-4992-90F6-A7A931AAC94D}.Release|Any CPU.ActiveCfg = Release|Any CPU
		{4187489B-1016-4992-90F6-A7A931AAC94D}.Release|Any CPU.Build.0 = Release|Any CPU
		{4187489B-1016-4992-90F6-A7A931AAC94D}.Release|x86.ActiveCfg = Release|Any CPU
		{4187489B-1016-4992-90F6-A7A931AAC94D}.Release|x86.Build.0 = Release|Any CPU
		{E5D70763-D4A8-4FD7-805C-BAC1BCF1C7B5}.Debug|Any CPU.ActiveCfg = Debug|Any CPU
		{E5D70763-D4A8-4FD7-805C-BAC1BCF1C7B5}.Debug|Any CPU.Build.0 = Debug|Any CPU
		{E5D70763-D4A8-4FD7-805C-BAC1BCF1C7B5}.Debug|x86.ActiveCfg = Debug|Any CPU
		{E5D70763-D4A8-4FD7-805C-BAC1BCF1C7B5}.Debug|x86.Build.0 = Debug|Any CPU
		{E5D70763-D4A8-4FD7-805C-BAC1BCF1C7B5}.Release|Any CPU.ActiveCfg = Release|Any CPU
		{E5D70763-D4A8-4FD7-805C-BAC1BCF1C7B5}.Release|Any CPU.Build.0 = Release|Any CPU
		{E5D70763-D4A8-4FD7-805C-BAC1BCF1C7B5}.Release|x86.ActiveCfg = Release|Any CPU
		{E5D70763-D4A8-4FD7-805C-BAC1BCF1C7B5}.Release|x86.Build.0 = Release|Any CPU
		{134A520C-342F-49F1-B926-8C1BD0ED159F}.Debug|Any CPU.ActiveCfg = Debug|Any CPU
		{134A520C-342F-49F1-B926-8C1BD0ED159F}.Debug|Any CPU.Build.0 = Debug|Any CPU
		{134A520C-342F-49F1-B926-8C1BD0ED159F}.Debug|x86.ActiveCfg = Debug|Any CPU
		{134A520C-342F-49F1-B926-8C1BD0ED159F}.Debug|x86.Build.0 = Debug|Any CPU
		{134A520C-342F-49F1-B926-8C1BD0ED159F}.Release|Any CPU.ActiveCfg = Release|Any CPU
		{134A520C-342F-49F1-B926-8C1BD0ED159F}.Release|Any CPU.Build.0 = Release|Any CPU
		{134A520C-342F-49F1-B926-8C1BD0ED159F}.Release|x86.ActiveCfg = Release|Any CPU
		{134A520C-342F-49F1-B926-8C1BD0ED159F}.Release|x86.Build.0 = Release|Any CPU
		{7FA05DD5-4AF3-4F7A-B3F6-FD96D87BEB4E}.Debug|Any CPU.ActiveCfg = Debug|Any CPU
		{7FA05DD5-4AF3-4F7A-B3F6-FD96D87BEB4E}.Debug|Any CPU.Build.0 = Debug|Any CPU
		{7FA05DD5-4AF3-4F7A-B3F6-FD96D87BEB4E}.Debug|x86.ActiveCfg = Debug|Any CPU
		{7FA05DD5-4AF3-4F7A-B3F6-FD96D87BEB4E}.Debug|x86.Build.0 = Debug|Any CPU
		{7FA05DD5-4AF3-4F7A-B3F6-FD96D87BEB4E}.Release|Any CPU.ActiveCfg = Release|Any CPU
		{7FA05DD5-4AF3-4F7A-B3F6-FD96D87BEB4E}.Release|Any CPU.Build.0 = Release|Any CPU
		{7FA05DD5-4AF3-4F7A-B3F6-FD96D87BEB4E}.Release|x86.ActiveCfg = Release|Any CPU
		{7FA05DD5-4AF3-4F7A-B3F6-FD96D87BEB4E}.Release|x86.Build.0 = Release|Any CPU
		{D6A783C1-8D68-43B0-BB87-11ABD374F73B}.Debug|Any CPU.ActiveCfg = Debug|Any CPU
		{D6A783C1-8D68-43B0-BB87-11ABD374F73B}.Debug|Any CPU.Build.0 = Debug|Any CPU
		{D6A783C1-8D68-43B0-BB87-11ABD374F73B}.Debug|x86.ActiveCfg = Debug|Any CPU
		{D6A783C1-8D68-43B0-BB87-11ABD374F73B}.Debug|x86.Build.0 = Debug|Any CPU
		{D6A783C1-8D68-43B0-BB87-11ABD374F73B}.Release|Any CPU.ActiveCfg = Release|Any CPU
		{D6A783C1-8D68-43B0-BB87-11ABD374F73B}.Release|Any CPU.Build.0 = Release|Any CPU
		{D6A783C1-8D68-43B0-BB87-11ABD374F73B}.Release|x86.ActiveCfg = Release|Any CPU
		{D6A783C1-8D68-43B0-BB87-11ABD374F73B}.Release|x86.Build.0 = Release|Any CPU
		{091D158E-A5DD-4B1F-AF35-4E4B50C2C85A}.Debug|Any CPU.ActiveCfg = Debug|Any CPU
		{091D158E-A5DD-4B1F-AF35-4E4B50C2C85A}.Debug|Any CPU.Build.0 = Debug|Any CPU
		{091D158E-A5DD-4B1F-AF35-4E4B50C2C85A}.Debug|x86.ActiveCfg = Debug|Any CPU
		{091D158E-A5DD-4B1F-AF35-4E4B50C2C85A}.Debug|x86.Build.0 = Debug|Any CPU
		{091D158E-A5DD-4B1F-AF35-4E4B50C2C85A}.Release|Any CPU.ActiveCfg = Release|Any CPU
		{091D158E-A5DD-4B1F-AF35-4E4B50C2C85A}.Release|Any CPU.Build.0 = Release|Any CPU
		{091D158E-A5DD-4B1F-AF35-4E4B50C2C85A}.Release|x86.ActiveCfg = Release|Any CPU
		{091D158E-A5DD-4B1F-AF35-4E4B50C2C85A}.Release|x86.Build.0 = Release|Any CPU
		{433DA349-A1B4-4552-892E-338670047398}.Debug|Any CPU.ActiveCfg = Debug|Any CPU
		{433DA349-A1B4-4552-892E-338670047398}.Debug|Any CPU.Build.0 = Debug|Any CPU
		{433DA349-A1B4-4552-892E-338670047398}.Debug|x86.ActiveCfg = Debug|Any CPU
		{433DA349-A1B4-4552-892E-338670047398}.Debug|x86.Build.0 = Debug|Any CPU
		{433DA349-A1B4-4552-892E-338670047398}.Release|Any CPU.ActiveCfg = Release|Any CPU
		{433DA349-A1B4-4552-892E-338670047398}.Release|Any CPU.Build.0 = Release|Any CPU
		{433DA349-A1B4-4552-892E-338670047398}.Release|x86.ActiveCfg = Release|Any CPU
		{433DA349-A1B4-4552-892E-338670047398}.Release|x86.Build.0 = Release|Any CPU
		{2CA431B1-44DC-4272-ACFB-17C9BB282231}.Debug|Any CPU.ActiveCfg = Debug|Any CPU
		{2CA431B1-44DC-4272-ACFB-17C9BB282231}.Debug|Any CPU.Build.0 = Debug|Any CPU
		{2CA431B1-44DC-4272-ACFB-17C9BB282231}.Debug|x86.ActiveCfg = Debug|Any CPU
		{2CA431B1-44DC-4272-ACFB-17C9BB282231}.Debug|x86.Build.0 = Debug|Any CPU
		{2CA431B1-44DC-4272-ACFB-17C9BB282231}.Release|Any CPU.ActiveCfg = Release|Any CPU
		{2CA431B1-44DC-4272-ACFB-17C9BB282231}.Release|Any CPU.Build.0 = Release|Any CPU
		{2CA431B1-44DC-4272-ACFB-17C9BB282231}.Release|x86.ActiveCfg = Release|Any CPU
		{2CA431B1-44DC-4272-ACFB-17C9BB282231}.Release|x86.Build.0 = Release|Any CPU
	EndGlobalSection
	GlobalSection(SolutionProperties) = preSolution
		HideSolutionNode = FALSE
	EndGlobalSection
	GlobalSection(NestedProjects) = preSolution
		{BA12536B-31D6-42A4-9DBB-319B5E2818A6} = {B491B9C1-6720-43C7-B2D6-4B9E3CF2E8C9}
		{62B954E7-D13E-4609-B9CB-6D5F7C931721} = {B491B9C1-6720-43C7-B2D6-4B9E3CF2E8C9}
		{5231D592-1D28-4279-A19B-38A98B295808} = {B491B9C1-6720-43C7-B2D6-4B9E3CF2E8C9}
		{F36716A9-49B9-4403-B1B4-28E11A4CF472} = {B491B9C1-6720-43C7-B2D6-4B9E3CF2E8C9}
		{726FB1BF-D3E2-4A98-A135-F5A731D7CC37} = {4061A6DC-9E0A-422D-BF80-DC308B7576CA}
		{0F3D35CF-D420-45C5-9760-C8FCBC456869} = {4061A6DC-9E0A-422D-BF80-DC308B7576CA}
		{51871E49-1A89-4017-9927-1ECE5CABDE39} = {4061A6DC-9E0A-422D-BF80-DC308B7576CA}
		{07819202-05B5-46BF-BEB4-6D6A1DAF1445} = {4061A6DC-9E0A-422D-BF80-DC308B7576CA}
		{860E3FFE-97ED-4B06-8596-1ADC71834A93} = {559601B3-9A27-4187-9703-80DF78FE2A5A}
		{C5D83D34-58A4-4EF0-93B1-81D0EEB242C3} = {559601B3-9A27-4187-9703-80DF78FE2A5A}
		{26AE72CD-3063-469D-8B82-46CA0C1AED03} = {559601B3-9A27-4187-9703-80DF78FE2A5A}
		{FDD1CC97-48C2-4878-8EF5-AAC74ED9C50E} = {559601B3-9A27-4187-9703-80DF78FE2A5A}
		{ED24126B-446F-4D20-BA2B-017E7649888D} = {88F0EADC-E7CF-486F-81EE-7DD694B8DAE3}
		{A4335494-013F-471A-998F-5E744AE8CCD6} = {9F258C02-48D8-4193-AB5B-1FBA67568E66}
		{4768279C-DDC5-46A6-A653-EBBCC3ABB4E9} = {88F0EADC-E7CF-486F-81EE-7DD694B8DAE3}
		{140AE9A9-F47E-4057-8955-F204E5139129} = {88F0EADC-E7CF-486F-81EE-7DD694B8DAE3}
		{F7297A25-C1FA-4B62-9007-632EF2A237CF} = {B491B9C1-6720-43C7-B2D6-4B9E3CF2E8C9}
		{BC8BA127-D25D-460E-A2B7-6C4B4A4340B0} = {88F0EADC-E7CF-486F-81EE-7DD694B8DAE3}
		{DCAB2695-63C5-426E-91AC-1791AE3079B1} = {3127CFDD-8C8C-49C6-9B0B-F000C233B4F0}
		{F8EF7E81-FF7E-4B80-B53B-C9E9FEDF386C} = {3127CFDD-8C8C-49C6-9B0B-F000C233B4F0}
		{DD76F5AB-8DE9-4402-A3B8-25F8846FC2DD} = {3127CFDD-8C8C-49C6-9B0B-F000C233B4F0}
		{E5D70763-D4A8-4FD7-805C-BAC1BCF1C7B5} = {4061A6DC-9E0A-422D-BF80-DC308B7576CA}
		{091D158E-A5DD-4B1F-AF35-4E4B50C2C85A} = {88F0EADC-E7CF-486F-81EE-7DD694B8DAE3}
		{2CA431B1-44DC-4272-ACFB-17C9BB282231} = {9F258C02-48D8-4193-AB5B-1FBA67568E66}
	EndGlobalSection
	GlobalSection(ExtensibilityGlobals) = postSolution
		SolutionGuid = {3B8CA096-CBE8-4B88-BE9C-68CCD00FDF67}
	EndGlobalSection
EndGlobal
